
Microsoft Visual Studio Solution File, Format Version 12.00
Project("{FAE04EC0-301F-11D3-BF4B-00C04F79EFBC}") = "Car.API", "Car.API\Car.API.csproj", "{45B3E6C8-A844-45A7-9B08-E5AA97807C4B}"
EndProject
Global
	GlobalSection(SolutionConfigurationPlatforms) = preSolution
		Debug|Any CPU = Debug|Any CPU
		Release|Any CPU = Release|Any CPU
	EndGlobalSection
	GlobalSection(ProjectConfigurationPlatforms) = postSolution
		{45B3E6C8-A844-45A7-9B08-E5AA97807C4B}.Debug|Any CPU.ActiveCfg = Debug|Any CPU
		{45B3E6C8-A844-45A7-9B08-E5AA97807C4B}.Debug|Any CPU.Build.0 = Debug|Any CPU
		{45B3E6C8-A844-45A7-9B08-E5AA97807C4B}.Release|Any CPU.ActiveCfg = Release|Any CPU
		{45B3E6C8-A844-45A7-9B08-E5AA97807C4B}.Release|Any CPU.Build.0 = Release|Any CPU
	EndGlobalSection
EndGlobal
